
Microsoft Visual Studio Solution File, Format Version 12.00
# Visual Studio Version 16
VisualStudioVersion = 16.0.30413.136
MinimumVisualStudioVersion = 10.0.40219.1
Project("{FAE04EC0-301F-11D3-BF4B-00C04F79EFBC}") = "CLASE6", "CLASE6.csproj", "{39DB74EB-D8C3-4F36-876F-52E4B930A967}"
EndProject
Global
	GlobalSection(SolutionConfigurationPlatforms) = preSolution
		Debug|Any CPU = Debug|Any CPU
		Release|Any CPU = Release|Any CPU
	EndGlobalSection
	GlobalSection(ProjectConfigurationPlatforms) = postSolution
		{39DB74EB-D8C3-4F36-876F-52E4B930A967}.Debug|Any CPU.ActiveCfg = Debug|Any CPU
		{39DB74EB-D8C3-4F36-876F-52E4B930A967}.Debug|Any CPU.Build.0 = Debug|Any CPU
		{39DB74EB-D8C3-4F36-876F-52E4B930A967}.Release|Any CPU.ActiveCfg = Release|Any CPU
		{39DB74EB-D8C3-4F36-876F-52E4B930A967}.Release|Any CPU.Build.0 = Release|Any CPU
	EndGlobalSection
	GlobalSection(SolutionProperties) = preSolution
		HideSolutionNode = FALSE
	EndGlobalSection
	GlobalSection(ExtensibilityGlobals) = postSolution
		SolutionGuid = {283C0266-2EB8-4D60-9E06-D1F8768F8FA5}
	EndGlobalSection
EndGlobal
